
Microsoft Visual Studio Solution File, Format Version 12.00
# Visual Studio Version 16
VisualStudioVersion = 16.0.30621.155
MinimumVisualStudioVersion = 10.0.40219.1
Project("{9A19103F-16F7-4668-BE54-9A1E7A4F7556}") = "CvCreator", "CvCreator.csproj", "{F5C36111-5254-4F29-8841-3278EC68C5C4}"
EndProject
Global
	GlobalSection(SolutionConfigurationPlatforms) = preSolution
		Debug|Any CPU = Debug|Any CPU
		Release|Any CPU = Release|Any CPU
	EndGlobalSection
	GlobalSection(ProjectConfigurationPlatforms) = postSolution
		{F5C36111-5254-4F29-8841-3278EC68C5C4}.Debug|Any CPU.ActiveCfg = Debug|Any CPU
		{F5C36111-5254-4F29-8841-3278EC68C5C4}.Debug|Any CPU.Build.0 = Debug|Any CPU
		{F5C36111-5254-4F29-8841-3278EC68C5C4}.Release|Any CPU.ActiveCfg = Release|Any CPU
		{F5C36111-5254-4F29-8841-3278EC68C5C4}.Release|Any CPU.Build.0 = Release|Any CPU
	EndGlobalSection
	GlobalSection(SolutionProperties) = preSolution
		HideSolutionNode = FALSE
	EndGlobalSection
	GlobalSection(ExtensibilityGlobals) = postSolution
		SolutionGuid = {98F0A9C7-9FAA-4EC5-8D7C-C9FDE5F14E8B}
	EndGlobalSection
EndGlobal
